
Microsoft Visual Studio Solution File, Format Version 12.00
# Visual Studio Version 17
VisualStudioVersion = 17.0.31903.59
MinimumVisualStudioVersion = 10.0.40219.1
Project("{FAE04EC0-301F-11D3-BF4B-00C04F79EFBC}") = "workshop.tests", "workshop.tests\workshop.tests.csproj", "{2791F8E5-04CC-43C4-9988-1033D8564B90}"
EndProject
Project("{FAE04EC0-301F-11D3-BF4B-00C04F79EFBC}") = "workshop.wwwapi", "workshop.wwwapi\workshop.wwwapi.csproj", "{5675E8E5-8BCA-4A6D-BF82-419BA1C92707}"
EndProject
Global
	GlobalSection(SolutionConfigurationPlatforms) = preSolution
		Debug|Any CPU = Debug|Any CPU
		Release|Any CPU = Release|Any CPU
	EndGlobalSection
	GlobalSection(SolutionProperties) = preSolution
		HideSolutionNode = FALSE
	EndGlobalSection
	GlobalSection(ProjectConfigurationPlatforms) = postSolution
		{2791F8E5-04CC-43C4-9988-1033D8564B90}.Debug|Any CPU.ActiveCfg = Debug|Any CPU
		{2791F8E5-04CC-43C4-9988-1033D8564B90}.Debug|Any CPU.Build.0 = Debug|Any CPU
		{2791F8E5-04CC-43C4-9988-1033D8564B90}.Release|Any CPU.ActiveCfg = Release|Any CPU
		{2791F8E5-04CC-43C4-9988-1033D8564B90}.Release|Any CPU.Build.0 = Release|Any CPU
		{5675E8E5-8BCA-4A6D-BF82-419BA1C92707}.Debug|Any CPU.ActiveCfg = Debug|Any CPU
		{5675E8E5-8BCA-4A6D-BF82-419BA1C92707}.Debug|Any CPU.Build.0 = Debug|Any CPU
		{5675E8E5-8BCA-4A6D-BF82-419BA1C92707}.Release|Any CPU.ActiveCfg = Release|Any CPU
		{5675E8E5-8BCA-4A6D-BF82-419BA1C92707}.Release|Any CPU.Build.0 = Release|Any CPU
	EndGlobalSection
EndGlobal
